
Microsoft Visual Studio Solution File, Format Version 12.00
# Visual Studio Version 17
VisualStudioVersion = 17.4.33213.308
MinimumVisualStudioVersion = 10.0.40219.1
Project("{9A19103F-16F7-4668-BE54-9A1E7A4F7556}") = "Jlw.Utilities.Testing", "Jlw.Utilities.Testing\Jlw.Utilities.Testing.csproj", "{5CD4E33C-9B15-401D-B30C-FFB7F409D100}"
EndProject
Project("{9A19103F-16F7-4668-BE54-9A1E7A4F7556}") = "Jlw.Utilities.Testing.Tests", "Jlw.Utilities.Testing.Tests\Jlw.Utilities.Testing.Tests.csproj", "{96CAE574-592A-4D39-8ED1-6BFA51EF0E29}"
EndProject
Project("{2150E333-8FDC-42A3-9474-1A3956D46DE8}") = "Solution Items", "Solution Items", "{9C2B11E3-C2A7-4FF9-AEED-D164F48E5DBC}"
	ProjectSection(SolutionItems) = preProject
		README.md = README.md
		sonarbuild.cmd = sonarbuild.cmd
	EndProjectSection
EndProject
Project("{2150E333-8FDC-42A3-9474-1A3956D46DE8}") = "GitHub Workflows", "GitHub Workflows", "{9BCF0AC3-AE34-4898-AD07-FC04C4F16BC3}"
	ProjectSection(SolutionItems) = preProject
		.github\workflows\build-deploy-alpha.yml = .github\workflows\build-deploy-alpha.yml
		.github\workflows\build-deploy-rc.yml = .github\workflows\build-deploy-rc.yml
		.github\workflows\build-deploy.yml = .github\workflows\build-deploy.yml
		.github\workflows\build-test-deploy-template.yml = .github\workflows\build-test-deploy-template.yml
		.github\workflows\build-test-template.yml = .github\workflows\build-test-template.yml
		.github\workflows\build-test.yml = .github\workflows\build-test.yml
		.github\workflows\cron-artifact-cleanup.yml = .github\workflows\cron-artifact-cleanup.yml
		.github\workflows\GenerateRelease.yml = .github\workflows\GenerateRelease.yml
		.github\workflows\sonnarbuild.yml = .github\workflows\sonnarbuild.yml
	EndProjectSection
EndProject
Project("{9A19103F-16F7-4668-BE54-9A1E7A4F7556}") = "Jlw.Utilities.Testing.UnitTests", "Jlw.Utilities.Testing.UnitTests\Jlw.Utilities.Testing.UnitTests.csproj", "{965B8F45-0E76-4E46-90F0-53B882867102}"
EndProject
Project("{2150E333-8FDC-42A3-9474-1A3956D46DE8}") = "build-scripts", "build-scripts", "{FD9EAE6A-DABC-4434-B7CB-F7F466F566EA}"
	ProjectSection(SolutionItems) = preProject
		build-scripts\build.ps1 = build-scripts\build.ps1
		build-scripts\generate-readme.ps1 = build-scripts\generate-readme.ps1
		build-scripts\set-version-property.ps1 = build-scripts\set-version-property.ps1
		build-scripts\setenv.ps1 = build-scripts\setenv.ps1
		build-scripts\test.ps1 = build-scripts\test.ps1
	EndProjectSection
EndProject
Project("{2150E333-8FDC-42A3-9474-1A3956D46DE8}") = "templates", "templates", "{92749A0F-BDC9-4F73-A99B-CA2C15CEF864}"
	ProjectSection(SolutionItems) = preProject
		build-scripts\templates\ReadmeGenerationUtilities.psm1 = build-scripts\templates\ReadmeGenerationUtilities.psm1
		build-scripts\templates\ReadmeTemplate.md = build-scripts\templates\ReadmeTemplate.md
	EndProjectSection
EndProject
Global
	GlobalSection(SolutionConfigurationPlatforms) = preSolution
		Debug|Any CPU = Debug|Any CPU
		Release|Any CPU = Release|Any CPU
	EndGlobalSection
	GlobalSection(ProjectConfigurationPlatforms) = postSolution
		{5CD4E33C-9B15-401D-B30C-FFB7F409D100}.Debug|Any CPU.ActiveCfg = Debug|Any CPU
		{5CD4E33C-9B15-401D-B30C-FFB7F409D100}.Debug|Any CPU.Build.0 = Debug|Any CPU
		{5CD4E33C-9B15-401D-B30C-FFB7F409D100}.Release|Any CPU.ActiveCfg = Release|Any CPU
		{5CD4E33C-9B15-401D-B30C-FFB7F409D100}.Release|Any CPU.Build.0 = Release|Any CPU
		{96CAE574-592A-4D39-8ED1-6BFA51EF0E29}.Debug|Any CPU.ActiveCfg = Debug|Any CPU
		{96CAE574-592A-4D39-8ED1-6BFA51EF0E29}.Debug|Any CPU.Build.0 = Debug|Any CPU
		{96CAE574-592A-4D39-8ED1-6BFA51EF0E29}.Release|Any CPU.ActiveCfg = Release|Any CPU
		{96CAE574-592A-4D39-8ED1-6BFA51EF0E29}.Release|Any CPU.Build.0 = Release|Any CPU
		{965B8F45-0E76-4E46-90F0-53B882867102}.Debug|Any CPU.ActiveCfg = Debug|Any CPU
		{965B8F45-0E76-4E46-90F0-53B882867102}.Debug|Any CPU.Build.0 = Debug|Any CPU
		{965B8F45-0E76-4E46-90F0-53B882867102}.Release|Any CPU.ActiveCfg = Release|Any CPU
		{965B8F45-0E76-4E46-90F0-53B882867102}.Release|Any CPU.Build.0 = Release|Any CPU
	EndGlobalSection
	GlobalSection(SolutionProperties) = preSolution
		HideSolutionNode = FALSE
	EndGlobalSection
	GlobalSection(NestedProjects) = preSolution
		{9BCF0AC3-AE34-4898-AD07-FC04C4F16BC3} = {9C2B11E3-C2A7-4FF9-AEED-D164F48E5DBC}
		{FD9EAE6A-DABC-4434-B7CB-F7F466F566EA} = {9C2B11E3-C2A7-4FF9-AEED-D164F48E5DBC}
		{92749A0F-BDC9-4F73-A99B-CA2C15CEF864} = {FD9EAE6A-DABC-4434-B7CB-F7F466F566EA}
	EndGlobalSection
	GlobalSection(ExtensibilityGlobals) = postSolution
		SolutionGuid = {BBDB865B-4E3E-44BD-A715-8B0BBC15E789}
	EndGlobalSection
EndGlobal
